Microsoft Visual Studio Solution File, Format Version 12.00
# Visual Studio Version 17
VisualStudioVersion = 17.5.2.0
MinimumVisualStudioVersion = 10.0.40219.1
Project("{FAE04EC0-301F-11D3-BF4B-00C04F79EFBC}") = "2. CuatroNumeros", "2. CuatroNumeros.csproj", "{DCE029B7-ACD4-77F8-6DD6-F00369C295B5}"
EndProject
Global
	GlobalSection(SolutionConfigurationPlatforms) = preSolution
		Debug|Any CPU = Debug|Any CPU
		Release|Any CPU = Release|Any CPU
	EndGlobalSection
	GlobalSection(ProjectConfigurationPlatforms) = postSolution
		{DCE029B7-ACD4-77F8-6DD6-F00369C295B5}.Debug|Any CPU.ActiveCfg = Debug|Any CPU
		{DCE029B7-ACD4-77F8-6DD6-F00369C295B5}.Debug|Any CPU.Build.0 = Debug|Any CPU
		{DCE029B7-ACD4-77F8-6DD6-F00369C295B5}.Release|Any CPU.ActiveCfg = Release|Any CPU
		{DCE029B7-ACD4-77F8-6DD6-F00369C295B5}.Release|Any CPU.Build.0 = Release|Any CPU
	EndGlobalSection
	GlobalSection(SolutionProperties) = preSolution
		HideSolutionNode = FALSE
	EndGlobalSection
	GlobalSection(ExtensibilityGlobals) = postSolution
		SolutionGuid = {DC46808C-0F29-4913-A26E-11499954C0CF}
	EndGlobalSection
EndGlobal
